github.com/docker/libcontainer v2.2.1+incompatible h1:++SbbkCw+X8vAd4j2gOCzZ2Nn7s2xFALTf7LZKmM1/0=
github.com/docker/libcontainer v2.2.1+incompatible/go.mod h1:osvj61pYsqhNCMLGX31xr7klUBhHb/ZBuXS0o1Fvwbw=
github.com/milosgajdos/tenus v0.0.3 h1:jmaJzwaY1DUyYVD0lM4U+uvP2kkEg1VahDqRFxIkVBE=
github.com/milosgajdos/tenus v0.0.3/go.mod h1:eIjx29vNeDOYWJuCnaHY2r4fq5egetV26ry3on7p8qY=
github.com/msteinert/pam v0.0.0-20201130170657-e61372126161 h1:XQ1+fYPzaWZCVdu1xzjL917Xy9Yb7imLEU0wHelafKA=
github.com/msteinert/pam v0.0.0-20201130170657-e61372126161/go.mod h1:np1wUFZ6tyoke22qDJZY40URn9Ae51gX7ljIWXN5TJs=
github.com/songgao/water v0.0.0-20200317203138-2b4b6d7c09d8 h1:TG/diQgUe0pntT/2D9tmUCz4VNwm9MfrtPr0SU2qSX8=
github.com/songgao/water v0.0.0-20200317203138-2b4b6d7c09d8/go.mod h1:P5HUIBuIWKbyjl083/loAegFkfbFNx5i2qEP4CNbm7E=
golang.org/x/sys v0.0.0-20210525143221-35b2ab0089ea h1:+WiDlPBBaO+h9vPNZi8uJ3k4BkKQB7Iow3aqwHVA5hI=
golang.org/x/sys v0.0.0-20210525143221-35b2ab0089ea/go.mod h1:oPkhp1MJrh7nUepCBck5+mAzfO9JrbApNNgaTdGDITg=
